
Microsoft Visual Studio Solution File, Format Version 12.00
# Visual Studio Version 17
VisualStudioVersion = 17.0.31903.59
MinimumVisualStudioVersion = 10.0.40219.1
Project("{9A19103F-16F7-4668-BE54-9A1E7A4F7556}") = "Responsive", "Responsive.csproj", "{E810329F-C4C4-41D2-8C1B-377FAF488C90}"
EndProject
Project("{FAE04EC0-301F-11D3-BF4B-00C04F79EFBC}") = "ResponsiveNET6.Test", "..\ResponsiveNET6.Test\ResponsiveNET6.Test.csproj", "{619CB697-F08C-4390-805F-AFC7EF350B01}"
EndProject
Global
	GlobalSection(SolutionConfigurationPlatforms) = preSolution
		Debug|Any CPU = Debug|Any CPU
		Release|Any CPU = Release|Any CPU
	EndGlobalSection
	GlobalSection(ProjectConfigurationPlatforms) = postSolution
		{E810329F-C4C4-41D2-8C1B-377FAF488C90}.Debug|Any CPU.ActiveCfg = Debug|Any CPU
		{E810329F-C4C4-41D2-8C1B-377FAF488C90}.Debug|Any CPU.Build.0 = Debug|Any CPU
		{E810329F-C4C4-41D2-8C1B-377FAF488C90}.Release|Any CPU.ActiveCfg = Release|Any CPU
		{E810329F-C4C4-41D2-8C1B-377FAF488C90}.Release|Any CPU.Build.0 = Release|Any CPU
		{619CB697-F08C-4390-805F-AFC7EF350B01}.Debug|Any CPU.ActiveCfg = Debug|Any CPU
		{619CB697-F08C-4390-805F-AFC7EF350B01}.Debug|Any CPU.Build.0 = Debug|Any CPU
		{619CB697-F08C-4390-805F-AFC7EF350B01}.Release|Any CPU.ActiveCfg = Release|Any CPU
		{619CB697-F08C-4390-805F-AFC7EF350B01}.Release|Any CPU.Build.0 = Release|Any CPU
	EndGlobalSection
	GlobalSection(SolutionProperties) = preSolution
		HideSolutionNode = FALSE
	EndGlobalSection
	GlobalSection(ExtensibilityGlobals) = postSolution
		SolutionGuid = {9D16FF7C-59F2-47D4-BDD1-77788E96CF4C}
	EndGlobalSection
EndGlobal
